
Microsoft Visual Studio Solution File, Format Version 12.00
# Visual Studio Version 17
VisualStudioVersion = 17.14.36310.24
MinimumVisualStudioVersion = 10.0.40219.1
Project("{2150E333-8FDC-42A3-9474-1A3956D46DE8}") = "src", "src", "{02EA681E-C7D8-13C7-8484-4AC65E1B71E8}"
EndProject
Project("{2150E333-8FDC-42A3-9474-1A3956D46DE8}") = "test", "test", "{1073B684-4533-4096-BA68-E2494C3D22F3}"
EndProject
Project("{FAE04EC0-301F-11D3-BF4B-00C04F79EFBC}") = "Domain", "Domain\Domain.csproj", "{7BB3D7A4-7304-4CA5-B4DC-6D5A94E43E01}"
EndProject
Project("{FAE04EC0-301F-11D3-BF4B-00C04F79EFBC}") = "Application", "Application\Application.csproj", "{E9EC38D9-2A1D-4FE0-9FD0-DEA51DA2D74E}"
EndProject
Project("{FAE04EC0-301F-11D3-BF4B-00C04F79EFBC}") = "SharedKernel", "SharedKernel\SharedKernel.csproj", "{8FF8D60E-9EAA-443D-8252-1FB2F7293123}"
EndProject
Project("{FAE04EC0-301F-11D3-BF4B-00C04F79EFBC}") = "Web.Api", "Web.Api\Web.Api.csproj", "{EF28B457-F312-4EC5-8531-152F35A6600B}"
EndProject
Project("{FAE04EC0-301F-11D3-BF4B-00C04F79EFBC}") = "BlazorApp", "BlazorApp\BlazorApp\BlazorApp.csproj", "{9776EE82-E7DF-4354-AA12-B84236BC0ABB}"
EndProject
Project("{FAE04EC0-301F-11D3-BF4B-00C04F79EFBC}") = "BlazorApp.Client", "BlazorApp\BlazorApp.Client\BlazorApp.Client.csproj", "{BFC3E9A4-582B-43CE-93B3-AEC793E71F79}"
EndProject
Global
	GlobalSection(SolutionConfigurationPlatforms) = preSolution
		Debug|Any CPU = Debug|Any CPU
		Release|Any CPU = Release|Any CPU
	EndGlobalSection
	GlobalSection(ProjectConfigurationPlatforms) = postSolution
		{7BB3D7A4-7304-4CA5-B4DC-6D5A94E43E01}.Debug|Any CPU.ActiveCfg = Debug|Any CPU
		{7BB3D7A4-7304-4CA5-B4DC-6D5A94E43E01}.Debug|Any CPU.Build.0 = Debug|Any CPU
		{7BB3D7A4-7304-4CA5-B4DC-6D5A94E43E01}.Release|Any CPU.ActiveCfg = Release|Any CPU
		{7BB3D7A4-7304-4CA5-B4DC-6D5A94E43E01}.Release|Any CPU.Build.0 = Release|Any CPU
		{E9EC38D9-2A1D-4FE0-9FD0-DEA51DA2D74E}.Debug|Any CPU.ActiveCfg = Debug|Any CPU
		{E9EC38D9-2A1D-4FE0-9FD0-DEA51DA2D74E}.Debug|Any CPU.Build.0 = Debug|Any CPU
		{E9EC38D9-2A1D-4FE0-9FD0-DEA51DA2D74E}.Release|Any CPU.ActiveCfg = Release|Any CPU
		{E9EC38D9-2A1D-4FE0-9FD0-DEA51DA2D74E}.Release|Any CPU.Build.0 = Release|Any CPU
		{8FF8D60E-9EAA-443D-8252-1FB2F7293123}.Debug|Any CPU.ActiveCfg = Debug|Any CPU
		{8FF8D60E-9EAA-443D-8252-1FB2F7293123}.Debug|Any CPU.Build.0 = Debug|Any CPU
		{8FF8D60E-9EAA-443D-8252-1FB2F7293123}.Release|Any CPU.ActiveCfg = Release|Any CPU
		{8FF8D60E-9EAA-443D-8252-1FB2F7293123}.Release|Any CPU.Build.0 = Release|Any CPU
		{EF28B457-F312-4EC5-8531-152F35A6600B}.Debug|Any CPU.ActiveCfg = Debug|Any CPU
		{EF28B457-F312-4EC5-8531-152F35A6600B}.Debug|Any CPU.Build.0 = Debug|Any CPU
		{EF28B457-F312-4EC5-8531-152F35A6600B}.Release|Any CPU.ActiveCfg = Release|Any CPU
		{EF28B457-F312-4EC5-8531-152F35A6600B}.Release|Any CPU.Build.0 = Release|Any CPU
		{9776EE82-E7DF-4354-AA12-B84236BC0ABB}.Debug|Any CPU.ActiveCfg = Debug|Any CPU
		{9776EE82-E7DF-4354-AA12-B84236BC0ABB}.Debug|Any CPU.Build.0 = Debug|Any CPU
		{9776EE82-E7DF-4354-AA12-B84236BC0ABB}.Release|Any CPU.ActiveCfg = Release|Any CPU
		{9776EE82-E7DF-4354-AA12-B84236BC0ABB}.Release|Any CPU.Build.0 = Release|Any CPU
		{BFC3E9A4-582B-43CE-93B3-AEC793E71F79}.Debug|Any CPU.ActiveCfg = Debug|Any CPU
		{BFC3E9A4-582B-43CE-93B3-AEC793E71F79}.Debug|Any CPU.Build.0 = Debug|Any CPU
		{BFC3E9A4-582B-43CE-93B3-AEC793E71F79}.Release|Any CPU.ActiveCfg = Release|Any CPU
		{BFC3E9A4-582B-43CE-93B3-AEC793E71F79}.Release|Any CPU.Build.0 = Release|Any CPU
	EndGlobalSection
	GlobalSection(SolutionProperties) = preSolution
		HideSolutionNode = FALSE
	EndGlobalSection
	GlobalSection(NestedProjects) = preSolution
		{7BB3D7A4-7304-4CA5-B4DC-6D5A94E43E01} = {02EA681E-C7D8-13C7-8484-4AC65E1B71E8}
		{E9EC38D9-2A1D-4FE0-9FD0-DEA51DA2D74E} = {02EA681E-C7D8-13C7-8484-4AC65E1B71E8}
		{8FF8D60E-9EAA-443D-8252-1FB2F7293123} = {02EA681E-C7D8-13C7-8484-4AC65E1B71E8}
		{EF28B457-F312-4EC5-8531-152F35A6600B} = {02EA681E-C7D8-13C7-8484-4AC65E1B71E8}
		{9776EE82-E7DF-4354-AA12-B84236BC0ABB} = {02EA681E-C7D8-13C7-8484-4AC65E1B71E8}
		{BFC3E9A4-582B-43CE-93B3-AEC793E71F79} = {02EA681E-C7D8-13C7-8484-4AC65E1B71E8}
	EndGlobalSection
	GlobalSection(ExtensibilityGlobals) = postSolution
		SolutionGuid = {15EE5CB1-DDCB-4A68-8B39-FCD0F1A1131A}
	EndGlobalSection
EndGlobal
